// !$*UTF8*$!
{
	archiveVersion = 1;
	classes = {
	};
	objectVersion = 51;
	objects = {

/* Begin PBXBuildFile section */
		03219292479E49DE3CA0D7FA /* Pods_newsAlamofireTests.framework in Frameworks */ = {isa = PBXBuildFile; fileRef = 387CABFCD72F9B00587C99F8 /* Pods_newsAlamofireTests.framework */; };
		2A30F13C65B7A853E11E9F98 /* Pods_newsAlamofire.framework in Frameworks */ = {isa = PBXBuildFile; fileRef = 7BB5D98930CBDB7A904093B0 /* Pods_newsAlamofire.framework */; };
		B42E027D22B18FD20070C799 /* UIImage.swift in Sources */ = {isa = PBXBuildFile; fileRef = B42E027C22B18FD20070C799 /* UIImage.swift */; };
		B42E027F22B2D4710070C799 /* RicercaVC.swift in Sources */ = {isa = PBXBuildFile; fileRef = B42E027E22B2D4710070C799 /* RicercaVC.swift */; };
		B466BDFA24193F550037DDB3 /* GetNewsFromJSON.swift in Sources */ = {isa = PBXBuildFile; fileRef = B466BDF924193F550037DDB3 /* GetNewsFromJSON.swift */; };
		B4D2518C22B0228B00211569 /* AppDelegate.swift in Sources */ = {isa = PBXBuildFile; fileRef = B4D2518B22B0228B00211569 /* AppDelegate.swift */; };
		B4D2518E22B0228B00211569 /* NewsVC.swift in Sources */ = {isa = PBXBuildFile; fileRef = B4D2518D22B0228B00211569 /* NewsVC.swift */; };
		B4D2519122B0228B00211569 /* Main.storyboard in Resources */ = {isa = PBXBuildFile; fileRef = B4D2518F22B0228B00211569 /* Main.storyboard */; };
		B4D2519322B0228D00211569 /* Assets.xcassets in Resources */ = {isa = PBXBuildFile; fileRef = B4D2519222B0228D00211569 /* Assets.xcassets */; };
		B4D2519622B0228D00211569 /* LaunchScreen.storyboard in Resources */ = {isa = PBXBuildFile; fileRef = B4D2519422B0228D00211569 /* LaunchScreen.storyboard */; };
		B4D251A122B0228D00211569 /* newsAlamofireTests.swift in Sources */ = {isa = PBXBuildFile; fileRef = B4D251A022B0228D00211569 /* newsAlamofireTests.swift */; };
		B4D251AF22B0248700211569 /* NewsCell.swift in Sources */ = {isa = PBXBuildFile; fileRef = B4D251AE22B0248700211569 /* NewsCell.swift */; };
		B4D251B122B028D100211569 /* News.swift in Sources */ = {isa = PBXBuildFile; fileRef = B4D251B022B028D100211569 /* News.swift */; };
/* End PBXBuildFile section */

/* Begin PBXContainerItemProxy section */
		B4D2519D22B0228D00211569 /* PBXContainerItemProxy */ = {
			isa = PBXContainerItemProxy;
			containerPortal = B4D2518022B0228B00211569 /* Project object */;
			proxyType = 1;
			remoteGlobalIDString = B4D2518722B0228B00211569;
			remoteInfo = newsAlamofire;
		};
/* End PBXContainerItemProxy section */

/* Begin PBXFileReference section */
		3160C3DAECEFF4C29FD6F3EB /* Pods-newsAlamofire.debug.xcconfig */ = {isa = PBXFileReference; includeInIndex = 1; lastKnownFileType = text.xcconfig; name = "Pods-newsAlamofire.debug.xcconfig"; path = "Target Support Files/Pods-newsAlamofire/Pods-newsAlamofire.debug.xcconfig"; sourceTree = "<group>"; };
		387CABFCD72F9B00587C99F8 /* Pods_newsAlamofireTests.framework */ = {isa = PBXFileReference; explicitFileType = wrapper.framework; includeInIndex = 0; path = Pods_newsAlamofireTests.framework; sourceTree = BUILT_PRODUCTS_DIR; };
		7BB5D98930CBDB7A904093B0 /* Pods_newsAlamofire.framework */ = {isa = PBXFileReference; explicitFileType = wrapper.framework; includeInIndex = 0; path = Pods_newsAlamofire.framework; sourceTree = BUILT_PRODUCTS_DIR; };
		81AC422F07C8BB4EA531A6E2 /* Pods-newsAlamofire.release.xcconfig */ = {isa = PBXFileReference; includeInIndex = 1; lastKnownFileType = text.xcconfig; name = "Pods-newsAlamofire.release.xcconfig"; path = "Target Support Files/Pods-newsAlamofire/Pods-newsAlamofire.release.xcconfig"; sourceTree = "<group>"; };
		91E6641E7797A6B0C916C967 /* Pods-newsAlamofireTests.release.xcconfig */ = {isa = PBXFileReference; includeInIndex = 1; lastKnownFileType = text.xcconfig; name = "Pods-newsAlamofireTests.release.xcconfig"; path = "Target Support Files/Pods-newsAlamofireTests/Pods-newsAlamofireTests.release.xcconfig"; sourceTree = "<group>"; };
		B42E027C22B18FD20070C799 /* UIImage.swift */ = {isa = PBXFileReference; lastKnownFileType = sourcecode.swift; path = UIImage.swift; sourceTree = "<group>"; };
		B42E027E22B2D4710070C799 /* RicercaVC.swift */ = {isa = PBXFileReference; lastKnownFileType = sourcecode.swift; path = RicercaVC.swift; sourceTree = "<group>"; };
		B466BDF924193F550037DDB3 /* GetNewsFromJSON.swift */ = {isa = PBXFileReference; lastKnownFileType = sourcecode.swift; path = GetNewsFromJSON.swift; sourceTree = "<group>"; };
		B4D2518822B0228B00211569 /* newsAlamofire.app */ = {isa = PBXFileReference; explicitFileType = wrapper.application; includeInIndex = 0; path = newsAlamofire.app; sourceTree = BUILT_PRODUCTS_DIR; };
		B4D2518B22B0228B00211569 /* AppDelegate.swift */ = {isa = PBXFileReference; lastKnownFileType = sourcecode.swift; path = AppDelegate.swift; sourceTree = "<group>"; };
		B4D2518D22B0228B00211569 /* NewsVC.swift */ = {isa = PBXFileReference; lastKnownFileType = sourcecode.swift; path = NewsVC.swift; sourceTree = "<group>"; };
		B4D2519022B0228B00211569 /* Base */ = {isa = PBXFileReference; lastKnownFileType = file.storyboard; name = Base; path = Base.lproj/Main.storyboard; sourceTree = "<group>"; };
		B4D2519222B0228D00211569 /* Assets.xcassets */ = {isa = PBXFileReference; lastKnownFileType = folder.assetcatalog; path = Assets.xcassets; sourceTree = "<group>"; };
		B4D2519522B0228D00211569 /* Base */ = {isa = PBXFileReference; lastKnownFileType = file.storyboard; name = Base; path = Base.lproj/LaunchScreen.storyboard; sourceTree = "<group>"; };
		B4D2519722B0228D00211569 /* Info.plist */ = {isa = PBXFileReference; lastKnownFileType = text.plist.xml; path = Info.plist; sourceTree = "<group>"; };
		B4D2519C22B0228D00211569 /* newsAlamofireTests.xctest */ = {isa = PBXFileReference; explicitFileType = wrapper.cfbundle; includeInIndex = 0; path = newsAlamofireTests.xctest; sourceTree = BUILT_PRODUCTS_DIR; };
		B4D251A022B0228D00211569 /* newsAlamofireTests.swift */ = {isa = PBXFileReference; lastKnownFileType = sourcecode.swift; path = newsAlamofireTests.swift; sourceTree = "<group>"; };
		B4D251A222B0228D00211569 /* Info.plist */ = {isa = PBXFileReference; lastKnownFileType = text.plist.xml; path = Info.plist; sourceTree = "<group>"; };
		B4D251AE22B0248700211569 /* NewsCell.swift */ = {isa = PBXFileReference; lastKnownFileType = sourcecode.swift; path = NewsCell.swift; sourceTree = "<group>"; };
		B4D251B022B028D100211569 /* News.swift */ = {isa = PBXFileReference; lastKnownFileType = sourcecode.swift; path = News.swift; sourceTree = "<group>"; };
		D03667968A1F8BCE9604255C /* Pods-newsAlamofireTests.debug.xcconfig */ = {isa = PBXFileReference; includeInIndex = 1; lastKnownFileType = text.xcconfig; name = "Pods-newsAlamofireTests.debug.xcconfig"; path = "Target Support Files/Pods-newsAlamofireTests/Pods-newsAlamofireTests.debug.xcconfig"; sourceTree = "<group>"; };
/* End PBXFileReference section */

/* Begin PBXFrameworksBuildPhase section */
		B4D2518522B0228B00211569 /* Frameworks */ = {
			isa = PBXFrameworksBuildPhase;
			buildActionMask = 2147483647;
			files = (
				2A30F13C65B7A853E11E9F98 /* Pods_newsAlamofire.framework in Frameworks */,
			);
			runOnlyForDeploymentPostprocessing = 0;
		};
		B4D2519922B0228D00211569 /* Frameworks */ = {
			isa = PBXFrameworksBuildPhase;
			buildActionMask = 2147483647;
			files = (
				03219292479E49DE3CA0D7FA /* Pods_newsAlamofireTests.framework in Frameworks */,
			);
			runOnlyForDeploymentPostprocessing = 0;
		};
/* End PBXFrameworksBuildPhase section */

/* Begin PBXGroup section */
		B42E027B22B18FAE0070C799 /* Extention */ = {
			isa = PBXGroup;
			children = (
				B42E027C22B18FD20070C799 /* UIImage.swift */,
			);
			path = Extention;
			sourceTree = "<group>";
		};
		B4D2517F22B0228B00211569 = {
			isa = PBXGroup;
			children = (
				B4D2518A22B0228B00211569 /* newsAlamofire */,
				B4D2519F22B0228D00211569 /* newsAlamofireTests */,
				B4D2518922B0228B00211569 /* Products */,
				EE74746ED769FF026642FF46 /* Pods */,
				DCFD9102A0706100F52FA341 /* Frameworks */,
			);
			sourceTree = "<group>";
		};
		B4D2518922B0228B00211569 /* Products */ = {
			isa = PBXGroup;
			children = (
				B4D2518822B0228B00211569 /* newsAlamofire.app */,
				B4D2519C22B0228D00211569 /* newsAlamofireTests.xctest */,
			);
			name = Products;
			sourceTree = "<group>";
		};
		B4D2518A22B0228B00211569 /* newsAlamofire */ = {
			isa = PBXGroup;
			children = (
				B42E027B22B18FAE0070C799 /* Extention */,
				B4D251AD22B0243F00211569 /* Model */,
				B4D251AC22B0243600211569 /* Controller */,
				B4D251AB22B0242D00211569 /* View */,
				B4D2518B22B0228B00211569 /* AppDelegate.swift */,
				B4D2518F22B0228B00211569 /* Main.storyboard */,
				B4D2519222B0228D00211569 /* Assets.xcassets */,
				B4D2519422B0228D00211569 /* LaunchScreen.storyboard */,
				B4D2519722B0228D00211569 /* Info.plist */,
			);
			path = newsAlamofire;
			sourceTree = "<group>";
		};
		B4D2519F22B0228D00211569 /* newsAlamofireTests */ = {
			isa = PBXGroup;
			children = (
				B4D251A022B0228D00211569 /* newsAlamofireTests.swift */,
				B4D251A222B0228D00211569 /* Info.plist */,
			);
			path = newsAlamofireTests;
			sourceTree = "<group>";
		};
		B4D251AB22B0242D00211569 /* View */ = {
			isa = PBXGroup;
			children = (
				B4D251AE22B0248700211569 /* NewsCell.swift */,
			);
			path = View;
			sourceTree = "<group>";
		};
		B4D251AC22B0243600211569 /* Controller */ = {
			isa = PBXGroup;
			children = (
				B4D2518D22B0228B00211569 /* NewsVC.swift */,
				B42E027E22B2D4710070C799 /* RicercaVC.swift */,
			);
			path = Controller;
			sourceTree = "<group>";
		};
		B4D251AD22B0243F00211569 /* Model */ = {
			isa = PBXGroup;
			children = (
				B4D251B022B028D100211569 /* News.swift */,
				B466BDF924193F550037DDB3 /* GetNewsFromJSON.swift */,
			);
			path = Model;
			sourceTree = "<group>";
		};
		DCFD9102A0706100F52FA341 /* Frameworks */ = {
			isa = PBXGroup;
			children = (
				7BB5D98930CBDB7A904093B0 /* Pods_newsAlamofire.framework */,
				387CABFCD72F9B00587C99F8 /* Pods_newsAlamofireTests.framework */,
			);
			name = Frameworks;
			sourceTree = "<group>";
		};
		EE74746ED769FF026642FF46 /* Pods */ = {
			isa = PBXGroup;
			children = (
				3160C3DAECEFF4C29FD6F3EB /* Pods-newsAlamofire.debug.xcconfig */,
				81AC422F07C8BB4EA531A6E2 /* Pods-newsAlamofire.release.xcconfig */,
				D03667968A1F8BCE9604255C /* Pods-newsAlamofireTests.debug.xcconfig */,
				91E6641E7797A6B0C916C967 /* Pods-newsAlamofireTests.release.xcconfig */,
			);
			path = Pods;
			sourceTree = "<group>";
		};
/* End PBXGroup section */

/* Begin PBXNativeTarget section */
		B4D2518722B0228B00211569 /* newsAlamofire */ = {
			isa = PBXNativeTarget;
			buildConfigurationList = B4D251A522B0228D00211569 /* Build configuration list for PBXNativeTarget "newsAlamofire" */;
			buildPhases = (
				1DA0A875AC73C3D1CD3A2932 /* [CP] Check Pods Manifest.lock */,
				B4D2518422B0228B00211569 /* Sources */,
				B4D2518522B0228B00211569 /* Frameworks */,
				B4D2518622B0228B00211569 /* Resources */,
				492A6428BA61921536EC0098 /* [CP] Embed Pods Frameworks */,
			);
			buildRules = (
			);
			dependencies = (
			);
			name = newsAlamofire;
			productName = newsAlamofire;
			productReference = B4D2518822B0228B00211569 /* newsAlamofire.app */;
			productType = "com.apple.product-type.application";
		};
		B4D2519B22B0228D00211569 /* newsAlamofireTests */ = {
			isa = PBXNativeTarget;
			buildConfigurationList = B4D251A822B0228D00211569 /* Build configuration list for PBXNativeTarget "newsAlamofireTests" */;
			buildPhases = (
				74B899E7D17C2DAD3A541463 /* [CP] Check Pods Manifest.lock */,
				B4D2519822B0228D00211569 /* Sources */,
				B4D2519922B0228D00211569 /* Frameworks */,
				B4D2519A22B0228D00211569 /* Resources */,
			);
			buildRules = (
			);
			dependencies = (
				B4D2519E22B0228D00211569 /* PBXTargetDependency */,
			);
			name = newsAlamofireTests;
			productName = newsAlamofireTests;
			productReference = B4D2519C22B0228D00211569 /* newsAlamofireTests.xctest */;
			productType = "com.apple.product-type.bundle.unit-test";
		};
/* End PBXNativeTarget section */

/* Begin PBXProject section */
		B4D2518022B0228B00211569 /* Project object */ = {
			isa = PBXProject;
			attributes = {
				LastSwiftUpdateCheck = 1020;
				LastUpgradeCheck = 1020;
				ORGANIZATIONNAME = "Massimiliano Bonafede";
				TargetAttributes = {
					B4D2518722B0228B00211569 = {
						CreatedOnToolsVersion = 10.2.1;
					};
					B4D2519B22B0228D00211569 = {
						CreatedOnToolsVersion = 10.2.1;
						TestTargetID = B4D2518722B0228B00211569;
					};
				};
			};
			buildConfigurationList = B4D2518322B0228B00211569 /* Build configuration list for PBXProject "newsAlamofire" */;
			compatibilityVersion = "Xcode 9.3";
			developmentRegion = en;
			hasScannedForEncodings = 0;
			knownRegions = (
				en,
				Base,
			);
			mainGroup = B4D2517F22B0228B00211569;
			productRefGroup = B4D2518922B0228B00211569 /* Products */;
			projectDirPath = "";
			projectRoot = "";
			targets = (
				B4D2518722B0228B00211569 /* newsAlamofire */,
				B4D2519B22B0228D00211569 /* newsAlamofireTests */,
			);
		};
/* End PBXProject section */

/* Begin PBXResourcesBuildPhase section */
		B4D2518622B0228B00211569 /* Resources */ = {
			isa = PBXResourcesBuildPhase;
			buildActionMask = 2147483647;
			files = (
				B4D2519622B0228D00211569 /* LaunchScreen.storyboard in Resources */,
				B4D2519322B0228D00211569 /* Assets.xcassets in Resources */,
				B4D2519122B0228B00211569 /* Main.storyboard in Resources */,
			);
			runOnlyForDeploymentPostprocessing = 0;
		};
		B4D2519A22B0228D00211569 /* Resources */ = {
			isa = PBXResourcesBuildPhase;
			buildActionMask = 2147483647;
			files = (
			);
			runOnlyForDeploymentPostprocessing = 0;
		};
/* End PBXResourcesBuildPhase section */

/* Begin PBXShellScriptBuildPhase section */
		1DA0A875AC73C3D1CD3A2932 /* [CP] Check Pods Manifest.lock */ = {
			isa = PBXShellScriptBuildPhase;
			buildActionMask = 2147483647;
			files = (
			);
			inputFileListPaths = (
			);
			inputPaths = (
				"${PODS_PODFILE_DIR_PATH}/Podfile.lock",
				"${PODS_ROOT}/Manifest.lock",
			);
			name = "[CP] Check Pods Manifest.lock";
			outputFileListPaths = (
			);
			outputPaths = (
				"$(DERIVED_FILE_DIR)/Pods-newsAlamofire-checkManifestLockResult.txt",
			);
			runOnlyForDeploymentPostprocessing = 0;
			shellPath = /bin/sh;
			shellScript = "diff \"${PODS_PODFILE_DIR_PATH}/Podfile.lock\" \"${PODS_ROOT}/Manifest.lock\" > /dev/null\nif [ $? != 0 ] ; then\n    # print error to STDERR\n    echo \"error: The sandbox is not in sync with the Podfile.lock. Run 'pod install' or update your CocoaPods installation.\" >&2\n    exit 1\nfi\n# This output is used by Xcode 'outputs' to avoid re-running this script phase.\necho \"SUCCESS\" > \"${SCRIPT_OUTPUT_FILE_0}\"\n";
			showEnvVarsInLog = 0;
		};
		492A6428BA61921536EC0098 /* [CP] Embed Pods Frameworks */ = {
			isa = PBXShellScriptBuildPhase;
			buildActionMask = 2147483647;
			files = (
			);
			inputFileListPaths = (
				"${PODS_ROOT}/Target Support Files/Pods-newsAlamofire/Pods-newsAlamofire-frameworks-${CONFIGURATION}-input-files.xcfilelist",
			);
			name = "[CP] Embed Pods Frameworks";
			outputFileListPaths = (
				"${PODS_ROOT}/Target Support Files/Pods-newsAlamofire/Pods-newsAlamofire-frameworks-${CONFIGURATION}-output-files.xcfilelist",
			);
			runOnlyForDeploymentPostprocessing = 0;
			shellPath = /bin/sh;
			shellScript = "\"${PODS_ROOT}/Target Support Files/Pods-newsAlamofire/Pods-newsAlamofire-frameworks.sh\"\n";
			showEnvVarsInLog = 0;
		};
		74B899E7D17C2DAD3A541463 /* [CP] Check Pods Manifest.lock */ = {
			isa = PBXShellScriptBuildPhase;
			buildActionMask = 2147483647;
			files = (
			);
			inputFileListPaths = (
			);
			inputPaths = (
				"${PODS_PODFILE_DIR_PATH}/Podfile.lock",
				"${PODS_ROOT}/Manifest.lock",
			);
			name = "[CP] Check Pods Manifest.lock";
			outputFileListPaths = (
			);
			outputPaths = (
				"$(DERIVED_FILE_DIR)/Pods-newsAlamofireTests-checkManifestLockResult.txt",
			);
			runOnlyForDeploymentPostprocessing = 0;
			shellPath = /bin/sh;
			shellScript = "diff \"${PODS_PODFILE_DIR_PATH}/Podfile.lock\" \"${PODS_ROOT}/Manifest.lock\" > /dev/null\nif [ $? != 0 ] ; then\n    # print error to STDERR\n    echo \"error: The sandbox is not in sync with the Podfile.lock. Run 'pod install' or update your CocoaPods installation.\" >&2\n    exit 1\nfi\n# This output is used by Xcode 'outputs' to avoid re-running this script phase.\necho \"SUCCESS\" > \"${SCRIPT_OUTPUT_FILE_0}\"\n";
			showEnvVarsInLog = 0;
		};
/* End PBXShellScriptBuildPhase section */

/* Begin PBXSourcesBuildPhase section */
		B4D2518422B0228B00211569 /* Sources */ = {
			isa = PBXSourcesBuildPhase;
			buildActionMask = 2147483647;
			files = (
				B42E027F22B2D4710070C799 /* RicercaVC.swift in Sources */,
				B4D2518E22B0228B00211569 /* NewsVC.swift in Sources */,
				B42E027D22B18FD20070C799 /* UIImage.swift in Sources */,
				B4D251AF22B0248700211569 /* NewsCell.swift in Sources */,
				B466BDFA24193F550037DDB3 /* GetNewsFromJSON.swift in Sources */,
				B4D251B122B028D100211569 /* News.swift in Sources */,
				B4D2518C22B0228B00211569 /* AppDelegate.swift in Sources */,
			);
			runOnlyForDeploymentPostprocessing = 0;
		};
		B4D2519822B0228D00211569 /* Sources */ = {
			isa = PBXSourcesBuildPhase;
			buildActionMask = 2147483647;
			files = (
				B4D251A122B0228D00211569 /* newsAlamofireTests.swift in Sources */,
			);
			runOnlyForDeploymentPostprocessing = 0;
		};
/* End PBXSourcesBuildPhase section */

/* Begin PBXTargetDependency section */
		B4D2519E22B0228D00211569 /* PBXTargetDependency */ = {
			isa = PBXTargetDependency;
			target = B4D2518722B0228B00211569 /* newsAlamofire */;
			targetProxy = B4D2519D22B0228D00211569 /* PBXContainerItemProxy */;
		};
/* End PBXTargetDependency section */

/* Begin PBXVariantGroup section */
		B4D2518F22B0228B00211569 /* Main.storyboard */ = {
			isa = PBXVariantGroup;
			children = (
				B4D2519022B0228B00211569 /* Base */,
			);
			name = Main.storyboard;
			sourceTree = "<group>";
		};
		B4D2519422B0228D00211569 /* LaunchScreen.storyboard */ = {
			isa = PBXVariantGroup;
			children = (
				B4D2519522B0228D00211569 /* Base */,
			);
			name = LaunchScreen.storyboard;
			sourceTree = "<group>";
		};
/* End PBXVariantGroup section */

/* Begin XCBuildConfiguration section */
		B4D251A322B0228D00211569 /* Debug */ = {
			isa = XCBuildConfiguration;
			buildSettings = {
				ALWAYS_SEARCH_USER_PATHS = NO;
				CLANG_ANALYZER_NONNULL = YES;
				CLANG_ANALYZER_NUMBER_OBJECT_CONVERSION = YES_AGGRESSIVE;
				CLANG_CXX_LANGUAGE_STANDARD = "gnu++14";
				CLANG_CXX_LIBRARY = "libc++";
				CLANG_ENABLE_MODULES = YES;
				CLANG_ENABLE_OBJC_ARC = YES;
				CLANG_ENABLE_OBJC_WEAK = YES;
				CLANG_WARN_BLOCK_CAPTURE_AUTORELEASING = YES;
				CLANG_WARN_BOOL_CONVERSION = YES;
				CLANG_WARN_COMMA = YES;
				CLANG_WARN_CONSTANT_CONVERSION = YES;
				CLANG_WARN_DEPRECATED_OBJC_IMPLEMENTATIONS = YES;
				CLANG_WARN_DIRECT_OBJC_ISA_USAGE = YES_ERROR;
				CLANG_WARN_DOCUMENTATION_COMMENTS = YES;
				CLANG_WARN_EMPTY_BODY = YES;
				CLANG_WARN_ENUM_CONVERSION = YES;
				CLANG_WARN_INFINITE_RECURSION = YES;
				CLANG_WARN_INT_CONVERSION = YES;
				CLANG_WARN_NON_LITERAL_NULL_CONVERSION = YES;
				CLANG_WARN_OBJC_IMPLICIT_RETAIN_SELF = YES;
				CLANG_WARN_OBJC_LITERAL_CONVERSION = YES;
				CLANG_WARN_OBJC_ROOT_CLASS = YES_ERROR;
				CLANG_WARN_RANGE_LOOP_ANALYSIS = YES;
				CLANG_WARN_STRICT_PROTOTYPES = YES;
				CLANG_WARN_SUSPICIOUS_MOVE = YES;
				CLANG_WARN_UNGUARDED_AVAILABILITY = YES_AGGRESSIVE;
				CLANG_WARN_UNREACHABLE_CODE = YES;
				CLANG_WARN__DUPLICATE_METHOD_MATCH = YES;
				CODE_SIGN_IDENTITY = "iPhone Developer";
				COPY_PHASE_STRIP = NO;
				DEBUG_INFORMATION_FORMAT = dwarf;
				ENABLE_STRICT_OBJC_MSGSEND = YES;
				ENABLE_TESTABILITY = YES;
				GCC_C_LANGUAGE_STANDARD = gnu11;
				GCC_DYNAMIC_NO_PIC = NO;
				GCC_NO_COMMON_BLOCKS = YES;
				GCC_OPTIMIZATION_LEVEL = 0;
				GCC_PREPROCESSOR_DEFINITIONS = (
					"DEBUG=1",
					"$(inherited)",
				);
				GCC_WARN_64_TO_32_BIT_CONVERSION = YES;
				GCC_WARN_ABOUT_RETURN_TYPE = YES_ERROR;
				GCC_WARN_UNDECLARED_SELECTOR = YES;
				GCC_WARN_UNINITIALIZED_AUTOS = YES_AGGRESSIVE;
				GCC_WARN_UNUSED_FUNCTION = YES;
				GCC_WARN_UNUSED_VARIABLE = YES;
				IPHONEOS_DEPLOYMENT_TARGET = 12.2;
				MTL_ENABLE_DEBUG_INFO = INCLUDE_SOURCE;
				MTL_FAST_MATH = YES;
				ONLY_ACTIVE_ARCH = YES;
				SDKROOT = iphoneos;
				SWIFT_ACTIVE_COMPILATION_CONDITIONS = DEBUG;
				SWIFT_OPTIMIZATION_LEVEL = "-Onone";
			};
			name = Debug;
		};
		B4D251A422B0228D00211569 /* Release */ = {
			isa = XCBuildConfiguration;
			buildSettings = {
				ALWAYS_SEARCH_USER_PATHS = NO;
				CLANG_ANALYZER_NONNULL = YES;
				CLANG_ANALYZER_NUMBER_OBJECT_CONVERSION = YES_AGGRESSIVE;
				CLANG_CXX_LANGUAGE_STANDARD = "gnu++14";
				CLANG_CXX_LIBRARY = "libc++";
				CLANG_ENABLE_MODULES = YES;
				CLANG_ENABLE_OBJC_ARC = YES;
				CLANG_ENABLE_OBJC_WEAK = YES;
				CLANG_WARN_BLOCK_CAPTURE_AUTORELEASING = YES;
				CLANG_WARN_BOOL_CONVERSION = YES;
				CLANG_WARN_COMMA = YES;
				CLANG_WARN_CONSTANT_CONVERSION = YES;
				CLANG_WARN_DEPRECATED_OBJC_IMPLEMENTATIONS = YES;
				CLANG_WARN_DIRECT_OBJC_ISA_USAGE = YES_ERROR;
				CLANG_WARN_DOCUMENTATION_COMMENTS = YES;
				CLANG_WARN_EMPTY_BODY = YES;
				CLANG_WARN_ENUM_CONVERSION = YES;
				CLANG_WARN_INFINITE_RECURSION = YES;
				CLANG_WARN_INT_CONVERSION = YES;
				CLANG_WARN_NON_LITERAL_NULL_CONVERSION = YES;
				CLANG_WARN_OBJC_IMPLICIT_RETAIN_SELF = YES;
				CLANG_WARN_OBJC_LITERAL_CONVERSION = YES;
				CLANG_WARN_OBJC_ROOT_CLASS = YES_ERROR;
				CLANG_WARN_RANGE_LOOP_ANALYSIS = YES;
				CLANG_WARN_STRICT_PROTOTYPES = YES;
				CLANG_WARN_SUSPICIOUS_MOVE = YES;
				CLANG_WARN_UNGUARDED_AVAILABILITY = YES_AGGRESSIVE;
				CLANG_WARN_UNREACHABLE_CODE = YES;
				CLANG_WARN__DUPLICATE_METHOD_MATCH = YES;
				CODE_SIGN_IDENTITY = "iPhone Developer";
				COPY_PHASE_STRIP = NO;
				DEBUG_INFORMATION_FORMAT = "dwarf-with-dsym";
				ENABLE_NS_ASSERTIONS = NO;
				ENABLE_STRICT_OBJC_MSGSEND = YES;
				GCC_C_LANGUAGE_STANDARD = gnu11;
				GCC_NO_COMMON_BLOCKS = YES;
				GCC_WARN_64_TO_32_BIT_CONVERSION = YES;
				GCC_WARN_ABOUT_RETURN_TYPE = YES_ERROR;
				GCC_WARN_UNDECLARED_SELECTOR = YES;
				GCC_WARN_UNINITIALIZED_AUTOS = YES_AGGRESSIVE;
				GCC_WARN_UNUSED_FUNCTION = YES;
				GCC_WARN_UNUSED_VARIABLE = YES;
				IPHONEOS_DEPLOYMENT_TARGET = 12.2;
				MTL_ENABLE_DEBUG_INFO = NO;
				MTL_FAST_MATH = YES;
				SDKROOT = iphoneos;
				SWIFT_COMPILATION_MODE = wholemodule;
				SWIFT_OPTIMIZATION_LEVEL = "-O";
				VALIDATE_PRODUCT = YES;
			};
			name = Release;
		};
		B4D251A622B0228D00211569 /* Debug */ = {
			isa = XCBuildConfiguration;
			baseConfigurationReference = 3160C3DAECEFF4C29FD6F3EB /* Pods-newsAlamofire.debug.xcconfig */;
			buildSettings = {
				ASSETCATALOG_COMPILER_APPICON_NAME = AppIcon;
				CODE_SIGN_STYLE = Automatic;
				DEVELOPMENT_TEAM = KYHT7H6MRT;
				INFOPLIST_FILE = newsAlamofire/Info.plist;
				LD_RUNPATH_SEARCH_PATHS = (
					"$(inherited)",
					"@executable_path/Frameworks",
				);
				MARKETING_VERSION = 2.20;
				PRODUCT_BUNDLE_IDENTIFIER = com.wordpress.bonafedeiosdeveloper.newsAlamofire;
				PRODUCT_NAME = "$(TARGET_NAME)";
				SWIFT_VERSION = 5.0;
				TARGETED_DEVICE_FAMILY = 1;
			};
			name = Debug;
		};
		B4D251A722B0228D00211569 /* Release */ = {
			isa = XCBuildConfiguration;
			baseConfigurationReference = 81AC422F07C8BB4EA531A6E2 /* Pods-newsAlamofire.release.xcconfig */;
			buildSettings = {
				ASSETCATALOG_COMPILER_APPICON_NAME = AppIcon;
				CODE_SIGN_STYLE = Automatic;
				DEVELOPMENT_TEAM = KYHT7H6MRT;
				INFOPLIST_FILE = newsAlamofire/Info.plist;
				LD_RUNPATH_SEARCH_PATHS = (
					"$(inherited)",
					"@executable_path/Frameworks",
				);
				MARKETING_VERSION = 2.20;
				PRODUCT_BUNDLE_IDENTIFIER = com.wordpress.bonafedeiosdeveloper.newsAlamofire;
				PRODUCT_NAME = "$(TARGET_NAME)";
				SWIFT_VERSION = 5.0;
				TARGETED_DEVICE_FAMILY = 1;
			};
			name = Release;
		};
		B4D251A922B0228D00211569 /* Debug */ = {
			isa = XCBuildConfiguration;
			baseConfigurationReference = D03667968A1F8BCE9604255C /* Pods-newsAlamofireTests.debug.xcconfig */;
			buildSettings = {
				ALWAYS_EMBED_SWIFT_STANDARD_LIBRARIES = YES;
				BUNDLE_LOADER = "$(TEST_HOST)";
				CODE_SIGN_STYLE = Automatic;
				DEVELOPMENT_TEAM = KYHT7H6MRT;
				INFOPLIST_FILE = newsAlamofireTests/Info.plist;
				LD_RUNPATH_SEARCH_PATHS = (
					"$(inherited)",
					"@executable_path/Frameworks",
					"@loader_path/Frameworks",
				);
				PRODUCT_BUNDLE_IDENTIFIER = com.wordpress.massimilianobonafedeiosdeveloper.newsAlamofireTests;
				PRODUCT_NAME = "$(TARGET_NAME)";
				SWIFT_VERSION = 5.0;
				TARGETED_DEVICE_FAMILY = "1,2";
				TEST_HOST = "$(BUILT_PRODUCTS_DIR)/newsAlamofire.app/newsAlamofire";
			};
			name = Debug;
		};
		B4D251AA22B0228D00211569 /* Release */ = {
			isa = XCBuildConfiguration;
			baseConfigurationReference = 91E6641E7797A6B0C916C967 /* Pods-newsAlamofireTests.release.xcconfig */;
			buildSettings = {
				ALWAYS_EMBED_SWIFT_STANDARD_LIBRARIES = YES;
				BUNDLE_LOADER = "$(TEST_HOST)";
				CODE_SIGN_STYLE = Automatic;
				DEVELOPMENT_TEAM = KYHT7H6MRT;
				INFOPLIST_FILE = newsAlamofireTests/Info.plist;
				LD_RUNPATH_SEARCH_PATHS = (
					"$(inherited)",
					"@executable_path/Frameworks",
					"@loader_path/Frameworks",
				);
				PRODUCT_BUNDLE_IDENTIFIER = com.wordpress.massimilianobonafedeiosdeveloper.newsAlamofireTests;
				PRODUCT_NAME = "$(TARGET_NAME)";
				SWIFT_VERSION = 5.0;
				TARGETED_DEVICE_FAMILY = "1,2";
				TEST_HOST = "$(BUILT_PRODUCTS_DIR)/newsAlamofire.app/newsAlamofire";
			};
			name = Release;
		};
/* End XCBuildConfiguration section */

/* Begin XCConfigurationList section */
		B4D2518322B0228B00211569 /* Build configuration list for PBXProject "newsAlamofire" */ = {
			isa = XCConfigurationList;
			buildConfigurations = (
				B4D251A322B0228D00211569 /* Debug */,
				B4D251A422B0228D00211569 /* Release */,
			);
			defaultConfigurationIsVisible = 0;
			defaultConfigurationName = Release;
		};
		B4D251A522B0228D00211569 /* Build configuration list for PBXNativeTarget "newsAlamofire" */ = {
			isa = XCConfigurationList;
			buildConfigurations = (
				B4D251A622B0228D00211569 /* Debug */,
				B4D251A722B0228D00211569 /* Release */,
			);
			defaultConfigurationIsVisible = 0;
			defaultConfigurationName = Release;
		};
		B4D251A822B0228D00211569 /* Build configuration list for PBXNativeTarget "newsAlamofireTests" */ = {
			isa = XCConfigurationList;
			buildConfigurations = (
				B4D251A922B0228D00211569 /* Debug */,
				B4D251AA22B0228D00211569 /* Release */,
			);
			defaultConfigurationIsVisible = 0;
			defaultConfigurationName = Release;
		};
/* End XCConfigurationList section */
	};
	rootObject = B4D2518022B0228B00211569 /* Project object */;
}
